// !$*UTF8*$!
{
	archiveVersion = 1;
	classes = {
	};
	objectVersion = 77;
	objects = {

/* Begin PBXBuildFile section */
		2913A5772E05C10F00B4E6CE /* LocationManager.swift in Sources */ = {isa = PBXBuildFile; fileRef = 2913A5762E05C10F00B4E6CE /* LocationManager.swift */; };
		2913A5792E05C13700B4E6CE /* AsyncAlgorithms in Frameworks */ = {isa = PBXBuildFile; productRef = 2913A5782E05C13700B4E6CE /* AsyncAlgorithms */; };
		2913A57B2E05C16400B4E6CE /* WeatherEntry.swift in Sources */ = {isa = PBXBuildFile; fileRef = 2913A57A2E05C16400B4E6CE /* WeatherEntry.swift */; };
		2913A57D2E05C1BD00B4E6CE /* WeatherTimelineProvider.swift in Sources */ = {isa = PBXBuildFile; fileRef = 2913A57C2E05C1BD00B4E6CE /* WeatherTimelineProvider.swift */; };
		2913A57F2E05C5B600B4E6CE /* WeatherWidget.swift in Sources */ = {isa = PBXBuildFile; fileRef = 2913A57E2E05C5B600B4E6CE /* WeatherWidget.swift */; };
		2913A5812E05C5E600B4E6CE /* WeatherView.swift in Sources */ = {isa = PBXBuildFile; fileRef = 2913A5802E05C5E600B4E6CE /* WeatherView.swift */; };
		2913A5822E05C8E500B4E6CE /* WeatherIcon.swift in Sources */ = {isa = PBXBuildFile; fileRef = 29FC15DE2DEC652800F5DEA9 /* WeatherIcon.swift */; };
		2913A5832E05C92000B4E6CE /* TemperatureView.swift in Sources */ = {isa = PBXBuildFile; fileRef = 29FC15E02DEC673100F5DEA9 /* TemperatureView.swift */; };
		2913A5842E05C98600B4E6CE /* String+PresentIcon.swift in Sources */ = {isa = PBXBuildFile; fileRef = 2934E3DD2D9AD79A00A229F4 /* String+PresentIcon.swift */; };
		2913A5852E05C98F00B4E6CE /* Image+Styled.swift in Sources */ = {isa = PBXBuildFile; fileRef = 29804ACC2DA67EB0008404A7 /* Image+Styled.swift */; };
		2913A5862E05C9BC00B4E6CE /* EnvironmentValues+MeasurementSystem.swift in Sources */ = {isa = PBXBuildFile; fileRef = 29D151712D9072D200A851E9 /* EnvironmentValues+MeasurementSystem.swift */; };
		2913A5872E05C9CC00B4E6CE /* Double+TemperatureFormatter.swift in Sources */ = {isa = PBXBuildFile; fileRef = 29C5305C2D972EA000159C2D /* Double+TemperatureFormatter.swift */; };
		2917DC202DAD15DA006AEED9 /* AccuWeather.swift in Sources */ = {isa = PBXBuildFile; fileRef = 2917DC1F2DAD15C3006AEED9 /* AccuWeather.swift */; };
		291B5D292DAE6E770049589E /* DetailPageCurrent.swift in Sources */ = {isa = PBXBuildFile; fileRef = 291B5D282DAE6E770049589E /* DetailPageCurrent.swift */; };
		291B5D2B2DAE6E9B0049589E /* DetailPageDay.swift in Sources */ = {isa = PBXBuildFile; fileRef = 291B5D2A2DAE6E9B0049589E /* DetailPageDay.swift */; };
		291C41F32DB285F100D6A2B1 /* AccuWeatherLocation.swift in Sources */ = {isa = PBXBuildFile; fileRef = 291C41F22DB285E400D6A2B1 /* AccuWeatherLocation.swift */; };
		2924E0432E0DFCE800164518 /* Date+RefreshPolicy.swift in Sources */ = {isa = PBXBuildFile; fileRef = 2924E0422E0DFCDC00164518 /* Date+RefreshPolicy.swift */; };
		292C48E72D9F595C00A0909E /* FormatStyle+timeZoneNeutral.swift in Sources */ = {isa = PBXBuildFile; fileRef = 292C48E62D9F594B00A0909E /* FormatStyle+timeZoneNeutral.swift */; };
		292DF7602E07567A0065A808 /* CLLocationCoordinate2D+Coordinate.swift in Sources */ = {isa = PBXBuildFile; fileRef = 2974E9942DABF7EB00663B36 /* CLLocationCoordinate2D+Coordinate.swift */; };
		292EDE4C2DC13CD200C8EC52 /* AccuWeatherWeather.swift in Sources */ = {isa = PBXBuildFile; fileRef = 292EDE4B2DC13CB800C8EC52 /* AccuWeatherWeather.swift */; };
		292EDE4E2DC146AC00C8EC52 /* AccuWeatherWeather+Decoded.swift in Sources */ = {isa = PBXBuildFile; fileRef = 292EDE4D2DC146A900C8EC52 /* AccuWeatherWeather+Decoded.swift */; };
		292FF79C2DECE05300952D89 /* SpeedView.swift in Sources */ = {isa = PBXBuildFile; fileRef = 292FF79B2DECE05000952D89 /* SpeedView.swift */; };
		292FF79E2DECE5D300952D89 /* String+WindDirection.swift in Sources */ = {isa = PBXBuildFile; fileRef = 292FF79D2DECE5B900952D89 /* String+WindDirection.swift */; };
		29326AA72DC24D7200D054DE /* WeatherAPIWeather.swift in Sources */ = {isa = PBXBuildFile; fileRef = 29326AA62DC24D6600D054DE /* WeatherAPIWeather.swift */; };
		29326AA92DC2552F00D054DE /* WeatherAPIWeather+Decoded.swift in Sources */ = {isa = PBXBuildFile; fileRef = 29326AA82DC2552000D054DE /* WeatherAPIWeather+Decoded.swift */; };
		29326AAD2DC2C58B00D054DE /* JSONDecoder+Strategies.swift in Sources */ = {isa = PBXBuildFile; fileRef = 29326AAC2DC2C57600D054DE /* JSONDecoder+Strategies.swift */; };
		29336FD32D9D82390074DEDF /* HourForecast.swift in Sources */ = {isa = PBXBuildFile; fileRef = 29336FD22D9D82290074DEDF /* HourForecast.swift */; };
		2934E3DC2D9ABAF300A229F4 /* Today.swift in Sources */ = {isa = PBXBuildFile; fileRef = 2934E3DB2D9ABADA00A229F4 /* Today.swift */; };
		2934E3DE2D9AD7CB00A229F4 /* String+PresentIcon.swift in Sources */ = {isa = PBXBuildFile; fileRef = 2934E3DD2D9AD79A00A229F4 /* String+PresentIcon.swift */; };
		2934E3E02D9AF8C000A229F4 /* ColorScheme+MainColors.swift in Sources */ = {isa = PBXBuildFile; fileRef = 2934E3DF2D9AF8B200A229F4 /* ColorScheme+MainColors.swift */; };
		293AC4C02D9C180F007FCC76 /* CLServiceSession+GetAuthorization.swift in Sources */ = {isa = PBXBuildFile; fileRef = 293AC4BF2D9C1806007FCC76 /* CLServiceSession+GetAuthorization.swift */; };
		293AC4C52D9C33F0007FCC76 /* AsyncAlgorithms in Frameworks */ = {isa = PBXBuildFile; productRef = 293AC4C42D9C33F0007FCC76 /* AsyncAlgorithms */; };
		294004052DB51F4200C23CA1 /* AccuWeather+URLProvider.swift in Sources */ = {isa = PBXBuildFile; fileRef = 294004042DB51F3000C23CA1 /* AccuWeather+URLProvider.swift */; };
		294004072DB5209E00C23CA1 /* WeatherAPI+URLProvider.swift in Sources */ = {isa = PBXBuildFile; fileRef = 294004062DB5208700C23CA1 /* WeatherAPI+URLProvider.swift */; };
		294004092DB5303400C23CA1 /* Location.swift in Sources */ = {isa = PBXBuildFile; fileRef = 294004082DB5302E00C23CA1 /* Location.swift */; };
		29426D272DC923BE0071D997 /* APISource.swift in Sources */ = {isa = PBXBuildFile; fileRef = 29426D262DC923B40071D997 /* APISource.swift */; };
		2947E0BB2D88EC1000746BA4 /* WeatherAPILocation.swift in Sources */ = {isa = PBXBuildFile; fileRef = 2947E0BA2D88EC0C00746BA4 /* WeatherAPILocation.swift */; };
		29595EE32DAB133D0069257F /* DetailSection.swift in Sources */ = {isa = PBXBuildFile; fileRef = 29595EE22DAB13260069257F /* DetailSection.swift */; };
		296094EE2D89ADD800B326DF /* HTTPClient.swift in Sources */ = {isa = PBXBuildFile; fileRef = 296094ED2D89AD3D00B326DF /* HTTPClient.swift */; };
		296094F32D89DA7400B326DF /* WeatherAPI.swift in Sources */ = {isa = PBXBuildFile; fileRef = 296094F22D89DA5E00B326DF /* WeatherAPI.swift */; };
		2964DCA02D8B4E53009C259B /* LocationAggregate.swift in Sources */ = {isa = PBXBuildFile; fileRef = 2964DC9F2D8B4E35009C259B /* LocationAggregate.swift */; };
		29674FE72DA08692004B94EE /* Double+PrecipitationFormatter.swift in Sources */ = {isa = PBXBuildFile; fileRef = 29674FE62DA085CB004B94EE /* Double+PrecipitationFormatter.swift */; };
		296D57482DB960F60000C36A /* XIconStyle.swift in Sources */ = {isa = PBXBuildFile; fileRef = 296D57472DB960E60000C36A /* XIconStyle.swift */; };
		296E538C2DA7EEAE0062B3EA /* Weather.swift in Sources */ = {isa = PBXBuildFile; fileRef = 296E538B2DA7EEA50062B3EA /* Weather.swift */; };
		2970EF532D8B08B700068106 /* WeatherAggregate.swift in Sources */ = {isa = PBXBuildFile; fileRef = 2970EF522D8B08A400068106 /* WeatherAggregate.swift */; };
		297131D42D91788100316379 /* Setup.swift in Sources */ = {isa = PBXBuildFile; fileRef = 297131D32D91787900316379 /* Setup.swift */; };
		2974E9932DABF78B00663B36 /* CLLocation+FailableInitializer.swift in Sources */ = {isa = PBXBuildFile; fileRef = 2974E9922DABF73800663B36 /* CLLocation+FailableInitializer.swift */; };
		2974E9952DABF84600663B36 /* CLLocationCoordinate2D+Coordinate.swift in Sources */ = {isa = PBXBuildFile; fileRef = 2974E9942DABF7EB00663B36 /* CLLocationCoordinate2D+Coordinate.swift */; };
		297AF2EB2DBBFB4F00676A98 /* DayForecast.swift in Sources */ = {isa = PBXBuildFile; fileRef = 297AF2EA2DBBFB1E00676A98 /* DayForecast.swift */; };
		297EF7A12E0EBA9F008A28B4 /* Loading.swift in Sources */ = {isa = PBXBuildFile; fileRef = 297EF7A02E0EBA8F008A28B4 /* Loading.swift */; };
		297EF7A32E0EC8D9008A28B4 /* AsyncOnChange.swift in Sources */ = {isa = PBXBuildFile; fileRef = 297EF7A22E0EC8C5008A28B4 /* AsyncOnChange.swift */; };
		29804ACD2DA67EBE008404A7 /* Image+Styled.swift in Sources */ = {isa = PBXBuildFile; fileRef = 29804ACC2DA67EB0008404A7 /* Image+Styled.swift */; };
		29947D4E2D99CFD7000E3CB5 /* WeatherComposer.swift in Sources */ = {isa = PBXBuildFile; fileRef = 29947D4D2D99CFD1000E3CB5 /* WeatherComposer.swift */; };
		2995AEB52D92C66D0010744B /* Search.swift in Sources */ = {isa = PBXBuildFile; fileRef = 2995AEB42D92C6670010744B /* Search.swift */; };
		299A55DB2D945E550089C312 /* PermissionButtonStyle.swift in Sources */ = {isa = PBXBuildFile; fileRef = 299A55DA2D945E540089C312 /* PermissionButtonStyle.swift */; };
		29A05F0C2DEB5005004F1778 /* ConfigureFont.swift in Sources */ = {isa = PBXBuildFile; fileRef = 29A05F0B2DEB4FEB004F1778 /* ConfigureFont.swift */; };
		29AA8C352DC578090085B04E /* History.swift in Sources */ = {isa = PBXBuildFile; fileRef = 29AA8C342DC577FD0085B04E /* History.swift */; };
		29ACB03E2E041B0D00F23044 /* WidgetKit.framework in Frameworks */ = {isa = PBXBuildFile; fileRef = 29ACB03D2E041B0D00F23044 /* WidgetKit.framework */; };
		29ACB0402E041B0D00F23044 /* SwiftUI.framework in Frameworks */ = {isa = PBXBuildFile; fileRef = 29ACB03F2E041B0D00F23044 /* SwiftUI.framework */; };
		29ACB04B2E041B0E00F23044 /* monoTENKIWidgetExtension.appex in Embed Foundation Extensions */ = {isa = PBXBuildFile; fileRef = 29ACB03B2E041B0D00F23044 /* monoTENKIWidgetExtension.appex */; settings = {ATTRIBUTES = (RemoveHeadersOnCopy, ); }; };
		29ACB0572E041B2000F23044 /* Assets.xcassets in Resources */ = {isa = PBXBuildFile; fileRef = 29ACB0502E041B2000F23044 /* Assets.xcassets */; };
		29ACB05B2E041CBF00F23044 /* WeatherAPIWeather.swift in Sources */ = {isa = PBXBuildFile; fileRef = 29ACB05A2E041CBF00F23044 /* WeatherAPIWeather.swift */; };
		29ACB05D2E04234E00F23044 /* AccuWeatherWeather.swift in Sources */ = {isa = PBXBuildFile; fileRef = 29ACB05C2E04234E00F23044 /* AccuWeatherWeather.swift */; };
		29ACB05F2E04255C00F23044 /* Weather.swift in Sources */ = {isa = PBXBuildFile; fileRef = 29ACB05E2E04255C00F23044 /* Weather.swift */; };
		29ACB0612E0426D200F23044 /* WeatherAPI.swift in Sources */ = {isa = PBXBuildFile; fileRef = 29ACB0602E0426D200F23044 /* WeatherAPI.swift */; };
		29ACB0622E04272C00F23044 /* URLProvider.swift in Sources */ = {isa = PBXBuildFile; fileRef = 29ECB3B52D8A415D001922EA /* URLProvider.swift */; };
		29ACB0642E04443000F23044 /* AccuWeather.swift in Sources */ = {isa = PBXBuildFile; fileRef = 29ACB0632E04443000F23044 /* AccuWeather.swift */; };
		29ACB0662E0461EB00F23044 /* WeatherProvider.swift in Sources */ = {isa = PBXBuildFile; fileRef = 29ACB0652E0461EB00F23044 /* WeatherProvider.swift */; };
		29ACB0672E04628600F23044 /* HTTPClient.swift in Sources */ = {isa = PBXBuildFile; fileRef = 296094ED2D89AD3D00B326DF /* HTTPClient.swift */; };
		29ACB0682E04646900F23044 /* JSONDecoder+Strategies.swift in Sources */ = {isa = PBXBuildFile; fileRef = 29326AAC2DC2C57600D054DE /* JSONDecoder+Strategies.swift */; };
		29B0B8742DB7D66F00F93E1B /* Debounce.swift in Sources */ = {isa = PBXBuildFile; fileRef = 29B0B8732DB7D64C00F93E1B /* Debounce.swift */; };
		29C10C9E2DCD21D000BCCF27 /* Aggregate.swift in Sources */ = {isa = PBXBuildFile; fileRef = 29C10C9D2DCD21C100BCCF27 /* Aggregate.swift */; };
		29C10CA02DCD443C00BCCF27 /* RecoveryState.swift in Sources */ = {isa = PBXBuildFile; fileRef = 29C10C9F2DCD442A00BCCF27 /* RecoveryState.swift */; };
		29C530402D96E6B700159C2D /* Settings.swift in Sources */ = {isa = PBXBuildFile; fileRef = 29C5303F2D96E6A400159C2D /* Settings.swift */; };
		29C5304A2D9713E100159C2D /* SelectedStyle.swift in Sources */ = {isa = PBXBuildFile; fileRef = 29C530492D9713DF00159C2D /* SelectedStyle.swift */; };
		29C530622D972EA000159C2D /* AlignedHStack.swift in Sources */ = {isa = PBXBuildFile; fileRef = 29C5305B2D972EA000159C2D /* AlignedHStack.swift */; };
		29C530632D972EA000159C2D /* XIcon.swift in Sources */ = {isa = PBXBuildFile; fileRef = 29C5305D2D972EA000159C2D /* XIcon.swift */; };
		29C530642D972EA000159C2D /* Double+TemperatureFormatter.swift in Sources */ = {isa = PBXBuildFile; fileRef = 29C5305C2D972EA000159C2D /* Double+TemperatureFormatter.swift */; };
		29C656FF2DC68063000A89FC /* Enabled.swift in Sources */ = {isa = PBXBuildFile; fileRef = 29C656FE2DC68054000A89FC /* Enabled.swift */; };
		29C657012DC6A4D1000A89FC /* SwipeToDelete.swift in Sources */ = {isa = PBXBuildFile; fileRef = 29C657002DC6A4C8000A89FC /* SwipeToDelete.swift */; };
		29D134022E086600002FBB32 /* UserDefault.swift in Sources */ = {isa = PBXBuildFile; fileRef = 29D134012E0865F1002FBB32 /* UserDefault.swift */; };
		29D151722D90730100A851E9 /* EnvironmentValues+MeasurementSystem.swift in Sources */ = {isa = PBXBuildFile; fileRef = 29D151712D9072D200A851E9 /* EnvironmentValues+MeasurementSystem.swift */; };
		29D1C0682DA1DF4100F27F77 /* Double+SpeedFormatter.swift in Sources */ = {isa = PBXBuildFile; fileRef = 29D1C0672DA1DF2200F27F77 /* Double+SpeedFormatter.swift */; };
		29E4DB572DBAA8940018D2C3 /* Row.swift in Sources */ = {isa = PBXBuildFile; fileRef = 29E4DB562DBAA8910018D2C3 /* Row.swift */; };
		29ECB3B62D8A417F001922EA /* URLProvider.swift in Sources */ = {isa = PBXBuildFile; fileRef = 29ECB3B52D8A415D001922EA /* URLProvider.swift */; };
		29F241E22E0AB5500031FAB8 /* StorageKeys.swift in Sources */ = {isa = PBXBuildFile; fileRef = 29F241E12E0AB53A0031FAB8 /* StorageKeys.swift */; };
		29FB94A92DC0022400ED5DB3 /* DetailPageHour.swift in Sources */ = {isa = PBXBuildFile; fileRef = 29FB94A82DC0021100ED5DB3 /* DetailPageHour.swift */; };
		29FC15DF2DEC652F00F5DEA9 /* WeatherIcon.swift in Sources */ = {isa = PBXBuildFile; fileRef = 29FC15DE2DEC652800F5DEA9 /* WeatherIcon.swift */; };
		29FC15E12DEC674300F5DEA9 /* TemperatureView.swift in Sources */ = {isa = PBXBuildFile; fileRef = 29FC15E02DEC673100F5DEA9 /* TemperatureView.swift */; };
		29FC15E32DEC7EC000F5DEA9 /* PrecipitationView.swift in Sources */ = {isa = PBXBuildFile; fileRef = 29FC15E22DEC7EB900F5DEA9 /* PrecipitationView.swift */; };
		29FF918E2D875F3100B9DAD3 /* Preview Assets.xcassets in Resources */ = {isa = PBXBuildFile; fileRef = 29FF91882D875F3100B9DAD3 /* Preview Assets.xcassets */; };
		29FF918F2D875F3100B9DAD3 /* Assets.xcassets in Resources */ = {isa = PBXBuildFile; fileRef = 29FF918A2D875F3100B9DAD3 /* Assets.xcassets */; };
		29FF91912D875F3100B9DAD3 /* monoTENKIApp.swift in Sources */ = {isa = PBXBuildFile; fileRef = 29FF918C2D875F3100B9DAD3 /* monoTENKIApp.swift */; };
		29FF91962D875F6400B9DAD3 /* .gitignore in Resources */ = {isa = PBXBuildFile; fileRef = 29FF91942D875F6400B9DAD3 /* .gitignore */; };
/* End PBXBuildFile section */

/* Begin PBXContainerItemProxy section */
		29ACB0492E041B0E00F23044 /* PBXContainerItemProxy */ = {
			isa = PBXContainerItemProxy;
			containerPortal = 29FF91532D875E9400B9DAD3 /* Project object */;
			proxyType = 1;
			remoteGlobalIDString = 29ACB03A2E041B0D00F23044;
			remoteInfo = monoTENKIWidgetExtension;
		};
/* End PBXContainerItemProxy section */

/* Begin PBXCopyFilesBuildPhase section */
		29D7BE1C2DFDC345003DEBEC /* Embed Foundation Extensions */ = {
			isa = PBXCopyFilesBuildPhase;
			buildActionMask = 2147483647;
			dstPath = "";
			dstSubfolderSpec = 13;
			files = (
				29ACB04B2E041B0E00F23044 /* monoTENKIWidgetExtension.appex in Embed Foundation Extensions */,
			);
			name = "Embed Foundation Extensions";
			runOnlyForDeploymentPostprocessing = 0;
		};
/* End PBXCopyFilesBuildPhase section */

/* Begin PBXFileReference section */
		2913A5762E05C10F00B4E6CE /* LocationManager.swift */ = {isa = PBXFileReference; lastKnownFileType = sourcecode.swift; path = LocationManager.swift; sourceTree = "<group>"; };
		2913A57A2E05C16400B4E6CE /* WeatherEntry.swift */ = {isa = PBXFileReference; lastKnownFileType = sourcecode.swift; path = WeatherEntry.swift; sourceTree = "<group>"; };
		2913A57C2E05C1BD00B4E6CE /* WeatherTimelineProvider.swift */ = {isa = PBXFileReference; lastKnownFileType = sourcecode.swift; path = WeatherTimelineProvider.swift; sourceTree = "<group>"; };
		2913A57E2E05C5B600B4E6CE /* WeatherWidget.swift */ = {isa = PBXFileReference; lastKnownFileType = sourcecode.swift; path = WeatherWidget.swift; sourceTree = "<group>"; };
		2913A5802E05C5E600B4E6CE /* WeatherView.swift */ = {isa = PBXFileReference; lastKnownFileType = sourcecode.swift; path = WeatherView.swift; sourceTree = "<group>"; };
		2917DC1F2DAD15C3006AEED9 /* AccuWeather.swift */ = {isa = PBXFileReference; lastKnownFileType = sourcecode.swift; path = AccuWeather.swift; sourceTree = "<group>"; };
		291B5D282DAE6E770049589E /* DetailPageCurrent.swift */ = {isa = PBXFileReference; lastKnownFileType = sourcecode.swift; path = DetailPageCurrent.swift; sourceTree = "<group>"; };
		291B5D2A2DAE6E9B0049589E /* DetailPageDay.swift */ = {isa = PBXFileReference; lastKnownFileType = sourcecode.swift; path = DetailPageDay.swift; sourceTree = "<group>"; };
		291C41F22DB285E400D6A2B1 /* AccuWeatherLocation.swift */ = {isa = PBXFileReference; lastKnownFileType = sourcecode.swift; path = AccuWeatherLocation.swift; sourceTree = "<group>"; };
		2924E0422E0DFCDC00164518 /* Date+RefreshPolicy.swift */ = {isa = PBXFileReference; lastKnownFileType = sourcecode.swift; path = "Date+RefreshPolicy.swift"; sourceTree = "<group>"; };
		292C48E62D9F594B00A0909E /* FormatStyle+timeZoneNeutral.swift */ = {isa = PBXFileReference; lastKnownFileType = sourcecode.swift; path = "FormatStyle+timeZoneNeutral.swift"; sourceTree = "<group>"; };
		292EDE4B2DC13CB800C8EC52 /* AccuWeatherWeather.swift */ = {isa = PBXFileReference; lastKnownFileType = sourcecode.swift; path = AccuWeatherWeather.swift; sourceTree = "<group>"; };
		292EDE4D2DC146A900C8EC52 /* AccuWeatherWeather+Decoded.swift */ = {isa = PBXFileReference; lastKnownFileType = sourcecode.swift; path = "AccuWeatherWeather+Decoded.swift"; sourceTree = "<group>"; };
		292FF79B2DECE05000952D89 /* SpeedView.swift */ = {isa = PBXFileReference; lastKnownFileType = sourcecode.swift; path = SpeedView.swift; sourceTree = "<group>"; };
		292FF79D2DECE5B900952D89 /* String+WindDirection.swift */ = {isa = PBXFileReference; lastKnownFileType = sourcecode.swift; path = "String+WindDirection.swift"; sourceTree = "<group>"; };
		29326AA62DC24D6600D054DE /* WeatherAPIWeather.swift */ = {isa = PBXFileReference; lastKnownFileType = sourcecode.swift; path = WeatherAPIWeather.swift; sourceTree = "<group>"; };
		29326AA82DC2552000D054DE /* WeatherAPIWeather+Decoded.swift */ = {isa = PBXFileReference; lastKnownFileType = sourcecode.swift; path = "WeatherAPIWeather+Decoded.swift"; sourceTree = "<group>"; };
		29326AAC2DC2C57600D054DE /* JSONDecoder+Strategies.swift */ = {isa = PBXFileReference; lastKnownFileType = sourcecode.swift; path = "JSONDecoder+Strategies.swift"; sourceTree = "<group>"; };
		29336FD22D9D82290074DEDF /* HourForecast.swift */ = {isa = PBXFileReference; lastKnownFileType = sourcecode.swift; path = HourForecast.swift; sourceTree = "<group>"; };
		2934E3DB2D9ABADA00A229F4 /* Today.swift */ = {isa = PBXFileReference; lastKnownFileType = sourcecode.swift; path = Today.swift; sourceTree = "<group>"; };
		2934E3DD2D9AD79A00A229F4 /* String+PresentIcon.swift */ = {isa = PBXFileReference; lastKnownFileType = sourcecode.swift; path = "String+PresentIcon.swift"; sourceTree = "<group>"; };
		2934E3DF2D9AF8B200A229F4 /* ColorScheme+MainColors.swift */ = {isa = PBXFileReference; lastKnownFileType = sourcecode.swift; path = "ColorScheme+MainColors.swift"; sourceTree = "<group>"; };
		293AC4BF2D9C1806007FCC76 /* CLServiceSession+GetAuthorization.swift */ = {isa = PBXFileReference; lastKnownFileType = sourcecode.swift; path = "CLServiceSession+GetAuthorization.swift"; sourceTree = "<group>"; };
		294004042DB51F3000C23CA1 /* AccuWeather+URLProvider.swift */ = {isa = PBXFileReference; lastKnownFileType = sourcecode.swift; path = "AccuWeather+URLProvider.swift"; sourceTree = "<group>"; };
		294004062DB5208700C23CA1 /* WeatherAPI+URLProvider.swift */ = {isa = PBXFileReference; lastKnownFileType = sourcecode.swift; path = "WeatherAPI+URLProvider.swift"; sourceTree = "<group>"; };
		294004082DB5302E00C23CA1 /* Location.swift */ = {isa = PBXFileReference; lastKnownFileType = sourcecode.swift; path = Location.swift; sourceTree = "<group>"; };
		29426D262DC923B40071D997 /* APISource.swift */ = {isa = PBXFileReference; lastKnownFileType = sourcecode.swift; path = APISource.swift; sourceTree = "<group>"; };
		2947E0BA2D88EC0C00746BA4 /* WeatherAPILocation.swift */ = {isa = PBXFileReference; lastKnownFileType = sourcecode.swift; path = WeatherAPILocation.swift; sourceTree = "<group>"; };
		29595EE22DAB13260069257F /* DetailSection.swift */ = {isa = PBXFileReference; lastKnownFileType = sourcecode.swift; path = DetailSection.swift; sourceTree = "<group>"; };
		296094ED2D89AD3D00B326DF /* HTTPClient.swift */ = {isa = PBXFileReference; lastKnownFileType = sourcecode.swift; path = HTTPClient.swift; sourceTree = "<group>"; };
		296094F22D89DA5E00B326DF /* WeatherAPI.swift */ = {isa = PBXFileReference; lastKnownFileType = sourcecode.swift; path = WeatherAPI.swift; sourceTree = "<group>"; };
		2964DC9F2D8B4E35009C259B /* LocationAggregate.swift */ = {isa = PBXFileReference; lastKnownFileType = sourcecode.swift; path = LocationAggregate.swift; sourceTree = "<group>"; };
		29674FE62DA085CB004B94EE /* Double+PrecipitationFormatter.swift */ = {isa = PBXFileReference; lastKnownFileType = sourcecode.swift; path = "Double+PrecipitationFormatter.swift"; sourceTree = "<group>"; };
		296D57472DB960E60000C36A /* XIconStyle.swift */ = {isa = PBXFileReference; lastKnownFileType = sourcecode.swift; path = XIconStyle.swift; sourceTree = "<group>"; };
		296E538B2DA7EEA50062B3EA /* Weather.swift */ = {isa = PBXFileReference; lastKnownFileType = sourcecode.swift; path = Weather.swift; sourceTree = "<group>"; };
		2970EF522D8B08A400068106 /* WeatherAggregate.swift */ = {isa = PBXFileReference; lastKnownFileType = sourcecode.swift; path = WeatherAggregate.swift; sourceTree = "<group>"; };
		297131D32D91787900316379 /* Setup.swift */ = {isa = PBXFileReference; lastKnownFileType = sourcecode.swift; path = Setup.swift; sourceTree = "<group>"; };
		2974E9922DABF73800663B36 /* CLLocation+FailableInitializer.swift */ = {isa = PBXFileReference; lastKnownFileType = sourcecode.swift; path = "CLLocation+FailableInitializer.swift"; sourceTree = "<group>"; };
		2974E9942DABF7EB00663B36 /* CLLocationCoordinate2D+Coordinate.swift */ = {isa = PBXFileReference; lastKnownFileType = sourcecode.swift; path = "CLLocationCoordinate2D+Coordinate.swift"; sourceTree = "<group>"; };
		297AF2EA2DBBFB1E00676A98 /* DayForecast.swift */ = {isa = PBXFileReference; lastKnownFileType = sourcecode.swift; path = DayForecast.swift; sourceTree = "<group>"; };
		297EF7A02E0EBA8F008A28B4 /* Loading.swift */ = {isa = PBXFileReference; lastKnownFileType = sourcecode.swift; path = Loading.swift; sourceTree = "<group>"; };
		297EF7A22E0EC8C5008A28B4 /* AsyncOnChange.swift */ = {isa = PBXFileReference; lastKnownFileType = sourcecode.swift; path = AsyncOnChange.swift; sourceTree = "<group>"; };
		29804ACC2DA67EB0008404A7 /* Image+Styled.swift */ = {isa = PBXFileReference; lastKnownFileType = sourcecode.swift; path = "Image+Styled.swift"; sourceTree = "<group>"; };
		29947D4D2D99CFD1000E3CB5 /* WeatherComposer.swift */ = {isa = PBXFileReference; lastKnownFileType = sourcecode.swift; path = WeatherComposer.swift; sourceTree = "<group>"; };
		2995AEB42D92C6670010744B /* Search.swift */ = {isa = PBXFileReference; lastKnownFileType = sourcecode.swift; path = Search.swift; sourceTree = "<group>"; };
		299A55DA2D945E540089C312 /* PermissionButtonStyle.swift */ = {isa = PBXFileReference; lastKnownFileType = sourcecode.swift; path = PermissionButtonStyle.swift; sourceTree = "<group>"; };
		29A05F0B2DEB4FEB004F1778 /* ConfigureFont.swift */ = {isa = PBXFileReference; lastKnownFileType = sourcecode.swift; path = ConfigureFont.swift; sourceTree = "<group>"; };
		29AA8C342DC577FD0085B04E /* History.swift */ = {isa = PBXFileReference; lastKnownFileType = sourcecode.swift; path = History.swift; sourceTree = "<group>"; };
		29ACB03B2E041B0D00F23044 /* monoTENKIWidgetExtension.appex */ = {isa = PBXFileReference; explicitFileType = "wrapper.app-extension"; includeInIndex = 0; path = monoTENKIWidgetExtension.appex; sourceTree = BUILT_PRODUCTS_DIR; };
		29ACB03D2E041B0D00F23044 /* WidgetKit.framework */ = {isa = PBXFileReference; lastKnownFileType = wrapper.framework; name = WidgetKit.framework; path = System/Library/Frameworks/WidgetKit.framework; sourceTree = SDKROOT; };
		29ACB03F2E041B0D00F23044 /* SwiftUI.framework */ = {isa = PBXFileReference; lastKnownFileType = wrapper.framework; name = SwiftUI.framework; path = System/Library/Frameworks/SwiftUI.framework; sourceTree = SDKROOT; };
		29ACB0502E041B2000F23044 /* Assets.xcassets */ = {isa = PBXFileReference; lastKnownFileType = folder.assetcatalog; path = Assets.xcassets; sourceTree = "<group>"; };
		29ACB0512E041B2000F23044 /* Info.plist */ = {isa = PBXFileReference; lastKnownFileType = text.plist.xml; path = Info.plist; sourceTree = "<group>"; };
		29ACB05A2E041CBF00F23044 /* WeatherAPIWeather.swift */ = {isa = PBXFileReference; lastKnownFileType = sourcecode.swift; path = WeatherAPIWeather.swift; sourceTree = "<group>"; };
		29ACB05C2E04234E00F23044 /* AccuWeatherWeather.swift */ = {isa = PBXFileReference; lastKnownFileType = sourcecode.swift; path = AccuWeatherWeather.swift; sourceTree = "<group>"; };
		29ACB05E2E04255C00F23044 /* Weather.swift */ = {isa = PBXFileReference; lastKnownFileType = sourcecode.swift; path = Weather.swift; sourceTree = "<group>"; };
		29ACB0602E0426D200F23044 /* WeatherAPI.swift */ = {isa = PBXFileReference; lastKnownFileType = sourcecode.swift; path = WeatherAPI.swift; sourceTree = "<group>"; };
		29ACB0632E04443000F23044 /* AccuWeather.swift */ = {isa = PBXFileReference; lastKnownFileType = sourcecode.swift; path = AccuWeather.swift; sourceTree = "<group>"; };
		29ACB0652E0461EB00F23044 /* WeatherProvider.swift */ = {isa = PBXFileReference; lastKnownFileType = sourcecode.swift; path = WeatherProvider.swift; sourceTree = "<group>"; };
		29B0B8732DB7D64C00F93E1B /* Debounce.swift */ = {isa = PBXFileReference; lastKnownFileType = sourcecode.swift; path = Debounce.swift; sourceTree = "<group>"; };
		29C10C9D2DCD21C100BCCF27 /* Aggregate.swift */ = {isa = PBXFileReference; lastKnownFileType = sourcecode.swift; path = Aggregate.swift; sourceTree = "<group>"; };
		29C10C9F2DCD442A00BCCF27 /* RecoveryState.swift */ = {isa = PBXFileReference; lastKnownFileType = sourcecode.swift; path = RecoveryState.swift; sourceTree = "<group>"; };
		29C5303F2D96E6A400159C2D /* Settings.swift */ = {isa = PBXFileReference; lastKnownFileType = sourcecode.swift; path = Settings.swift; sourceTree = "<group>"; };
		29C530492D9713DF00159C2D /* SelectedStyle.swift */ = {isa = PBXFileReference; lastKnownFileType = sourcecode.swift; path = SelectedStyle.swift; sourceTree = "<group>"; };
		29C5305B2D972EA000159C2D /* AlignedHStack.swift */ = {isa = PBXFileReference; lastKnownFileType = sourcecode.swift; path = AlignedHStack.swift; sourceTree = "<group>"; };
		29C5305C2D972EA000159C2D /* Double+TemperatureFormatter.swift */ = {isa = PBXFileReference; lastKnownFileType = sourcecode.swift; path = "Double+TemperatureFormatter.swift"; sourceTree = "<group>"; };
		29C5305D2D972EA000159C2D /* XIcon.swift */ = {isa = PBXFileReference; lastKnownFileType = sourcecode.swift; path = XIcon.swift; sourceTree = "<group>"; };
		29C656FE2DC68054000A89FC /* Enabled.swift */ = {isa = PBXFileReference; lastKnownFileType = sourcecode.swift; path = Enabled.swift; sourceTree = "<group>"; };
		29C657002DC6A4C8000A89FC /* SwipeToDelete.swift */ = {isa = PBXFileReference; lastKnownFileType = sourcecode.swift; path = SwipeToDelete.swift; sourceTree = "<group>"; };
		29CD013E2DB719C50017CCFC /* Config.xcconfig */ = {isa = PBXFileReference; lastKnownFileType = text.xcconfig; path = Config.xcconfig; sourceTree = "<group>"; };
		29D134012E0865F1002FBB32 /* UserDefault.swift */ = {isa = PBXFileReference; lastKnownFileType = sourcecode.swift; path = UserDefault.swift; sourceTree = "<group>"; };
		29D151712D9072D200A851E9 /* EnvironmentValues+MeasurementSystem.swift */ = {isa = PBXFileReference; lastKnownFileType = sourcecode.swift; path = "EnvironmentValues+MeasurementSystem.swift"; sourceTree = "<group>"; };
		29D1C0672DA1DF2200F27F77 /* Double+SpeedFormatter.swift */ = {isa = PBXFileReference; lastKnownFileType = sourcecode.swift; path = "Double+SpeedFormatter.swift"; sourceTree = "<group>"; };
		29E4DB562DBAA8910018D2C3 /* Row.swift */ = {isa = PBXFileReference; lastKnownFileType = sourcecode.swift; path = Row.swift; sourceTree = "<group>"; };
		29ECB3B52D8A415D001922EA /* URLProvider.swift */ = {isa = PBXFileReference; lastKnownFileType = sourcecode.swift; path = URLProvider.swift; sourceTree = "<group>"; };
		29F241E12E0AB53A0031FAB8 /* StorageKeys.swift */ = {isa = PBXFileReference; lastKnownFileType = sourcecode.swift; path = StorageKeys.swift; sourceTree = "<group>"; };
		29FB94A82DC0021100ED5DB3 /* DetailPageHour.swift */ = {isa = PBXFileReference; lastKnownFileType = sourcecode.swift; path = DetailPageHour.swift; sourceTree = "<group>"; };
		29FC15DE2DEC652800F5DEA9 /* WeatherIcon.swift */ = {isa = PBXFileReference; lastKnownFileType = sourcecode.swift; path = WeatherIcon.swift; sourceTree = "<group>"; };
		29FC15E02DEC673100F5DEA9 /* TemperatureView.swift */ = {isa = PBXFileReference; lastKnownFileType = sourcecode.swift; path = TemperatureView.swift; sourceTree = "<group>"; };
		29FC15E22DEC7EB900F5DEA9 /* PrecipitationView.swift */ = {isa = PBXFileReference; lastKnownFileType = sourcecode.swift; path = PrecipitationView.swift; sourceTree = "<group>"; };
		29FF915B2D875E9400B9DAD3 /* monoTENKI.app */ = {isa = PBXFileReference; explicitFileType = wrapper.application; includeInIndex = 0; path = monoTENKI.app; sourceTree = BUILT_PRODUCTS_DIR; };
		29FF91882D875F3100B9DAD3 /* Preview Assets.xcassets */ = {isa = PBXFileReference; lastKnownFileType = folder.assetcatalog; path = "Preview Assets.xcassets"; sourceTree = "<group>"; };
		29FF918A2D875F3100B9DAD3 /* Assets.xcassets */ = {isa = PBXFileReference; lastKnownFileType = folder.assetcatalog; path = Assets.xcassets; sourceTree = "<group>"; };
		29FF918C2D875F3100B9DAD3 /* monoTENKIApp.swift */ = {isa = PBXFileReference; lastKnownFileType = sourcecode.swift; path = monoTENKIApp.swift; sourceTree = "<group>"; };
		29FF91942D875F6400B9DAD3 /* .gitignore */ = {isa = PBXFileReference; lastKnownFileType = text; path = .gitignore; sourceTree = "<group>"; };
/* End PBXFileReference section */

/* Begin PBXFrameworksBuildPhase section */
		29ACB0382E041B0D00F23044 /* Frameworks */ = {
			isa = PBXFrameworksBuildPhase;
			buildActionMask = 2147483647;
			files = (
				29ACB0402E041B0D00F23044 /* SwiftUI.framework in Frameworks */,
				29ACB03E2E041B0D00F23044 /* WidgetKit.framework in Frameworks */,
				2913A5792E05C13700B4E6CE /* AsyncAlgorithms in Frameworks */,
			);
			runOnlyForDeploymentPostprocessing = 0;
		};
		29FF91582D875E9400B9DAD3 /* Frameworks */ = {
			isa = PBXFrameworksBuildPhase;
			buildActionMask = 2147483647;
			files = (
				293AC4C52D9C33F0007FCC76 /* AsyncAlgorithms in Frameworks */,
			);
			runOnlyForDeploymentPostprocessing = 0;
		};
/* End PBXFrameworksBuildPhase section */

/* Begin PBXGroup section */
		290E696C2DD01A3F00D2EA6A /* View */ = {
			isa = PBXGroup;
			children = (
				29C10C9D2DCD21C100BCCF27 /* Aggregate.swift */,
				297131D32D91787900316379 /* Setup.swift */,
				29C10C9F2DCD442A00BCCF27 /* RecoveryState.swift */,
				299A55DA2D945E540089C312 /* PermissionButtonStyle.swift */,
				297EF7A02E0EBA8F008A28B4 /* Loading.swift */,
			);
			path = View;
			sourceTree = "<group>";
		};
		2924E0412E0DFCD000164518 /* Model */ = {
			isa = PBXGroup;
			children = (
				2924E0422E0DFCDC00164518 /* Date+RefreshPolicy.swift */,
			);
			path = Model;
			sourceTree = "<group>";
		};
		293AC4C12D9C197C007FCC76 /* View */ = {
			isa = PBXGroup;
			children = (
				29C656FE2DC68054000A89FC /* Enabled.swift */,
				29B0B8732DB7D64C00F93E1B /* Debounce.swift */,
				297EF7A22E0EC8C5008A28B4 /* AsyncOnChange.swift */,
				29C5305B2D972EA000159C2D /* AlignedHStack.swift */,
				29E4DB562DBAA8910018D2C3 /* Row.swift */,
				29A05F0B2DEB4FEB004F1778 /* ConfigureFont.swift */,
				29804ACC2DA67EB0008404A7 /* Image+Styled.swift */,
				2934E3DF2D9AF8B200A229F4 /* ColorScheme+MainColors.swift */,
				292C48E62D9F594B00A0909E /* FormatStyle+timeZoneNeutral.swift */,
				29C530492D9713DF00159C2D /* SelectedStyle.swift */,
				29C5305D2D972EA000159C2D /* XIcon.swift */,
				296D57472DB960E60000C36A /* XIconStyle.swift */,
			);
			path = View;
			sourceTree = "<group>";
		};
		293AC4C22D9C1983007FCC76 /* Model */ = {
			isa = PBXGroup;
			children = (
				29D134012E0865F1002FBB32 /* UserDefault.swift */,
				29426D262DC923B40071D997 /* APISource.swift */,
				2974E9942DABF7EB00663B36 /* CLLocationCoordinate2D+Coordinate.swift */,
				2974E9922DABF73800663B36 /* CLLocation+FailableInitializer.swift */,
				293AC4BF2D9C1806007FCC76 /* CLServiceSession+GetAuthorization.swift */,
			);
			path = Model;
			sourceTree = "<group>";
		};
		296094EC2D89AD1F00B326DF /* NetworkLayer */ = {
			isa = PBXGroup;
			children = (
				29ECB3B52D8A415D001922EA /* URLProvider.swift */,
				296094ED2D89AD3D00B326DF /* HTTPClient.swift */,
				296094F22D89DA5E00B326DF /* WeatherAPI.swift */,
				294004062DB5208700C23CA1 /* WeatherAPI+URLProvider.swift */,
				2917DC1F2DAD15C3006AEED9 /* AccuWeather.swift */,
				294004042DB51F3000C23CA1 /* AccuWeather+URLProvider.swift */,
			);
			path = NetworkLayer;
			sourceTree = "<group>";
		};
		296550862D8886300073D3E9 /* Weather */ = {
			isa = PBXGroup;
			children = (
				2965508A2D8887910073D3E9 /* View */,
				296550892D8887850073D3E9 /* Model */,
			);
			path = Weather;
			sourceTree = "<group>";
		};
		296550872D88863C0073D3E9 /* Search */ = {
			isa = PBXGroup;
			children = (
				2965508E2D8887A80073D3E9 /* View */,
				2965508D2D8887A40073D3E9 /* Model */,
			);
			path = Search;
			sourceTree = "<group>";
		};
		296550882D8886440073D3E9 /* Settings */ = {
			isa = PBXGroup;
			children = (
				2965508C2D88879F0073D3E9 /* View */,
			);
			path = Settings;
			sourceTree = "<group>";
		};
		296550892D8887850073D3E9 /* Model */ = {
			isa = PBXGroup;
			children = (
				296E538B2DA7EEA50062B3EA /* Weather.swift */,
				29326AAC2DC2C57600D054DE /* JSONDecoder+Strategies.swift */,
				29D151712D9072D200A851E9 /* EnvironmentValues+MeasurementSystem.swift */,
				2970EF522D8B08A400068106 /* WeatherAggregate.swift */,
				29326AA62DC24D6600D054DE /* WeatherAPIWeather.swift */,
				29326AA82DC2552000D054DE /* WeatherAPIWeather+Decoded.swift */,
				292EDE4B2DC13CB800C8EC52 /* AccuWeatherWeather.swift */,
				292EDE4D2DC146A900C8EC52 /* AccuWeatherWeather+Decoded.swift */,
			);
			path = Model;
			sourceTree = "<group>";
		};
		2965508A2D8887910073D3E9 /* View */ = {
			isa = PBXGroup;
			children = (
				29947D4D2D99CFD1000E3CB5 /* WeatherComposer.swift */,
				2934E3DB2D9ABADA00A229F4 /* Today.swift */,
				29336FD22D9D82290074DEDF /* HourForecast.swift */,
				297AF2EA2DBBFB1E00676A98 /* DayForecast.swift */,
				291B5D282DAE6E770049589E /* DetailPageCurrent.swift */,
				29FB94A82DC0021100ED5DB3 /* DetailPageHour.swift */,
				291B5D2A2DAE6E9B0049589E /* DetailPageDay.swift */,
				29595EE22DAB13260069257F /* DetailSection.swift */,
				29FC15E02DEC673100F5DEA9 /* TemperatureView.swift */,
				29FC15E22DEC7EB900F5DEA9 /* PrecipitationView.swift */,
				292FF79B2DECE05000952D89 /* SpeedView.swift */,
				29C5305C2D972EA000159C2D /* Double+TemperatureFormatter.swift */,
				29674FE62DA085CB004B94EE /* Double+PrecipitationFormatter.swift */,
				29D1C0672DA1DF2200F27F77 /* Double+SpeedFormatter.swift */,
				2934E3DD2D9AD79A00A229F4 /* String+PresentIcon.swift */,
				292FF79D2DECE5B900952D89 /* String+WindDirection.swift */,
				29FC15DE2DEC652800F5DEA9 /* WeatherIcon.swift */,
			);
			path = View;
			sourceTree = "<group>";
		};
		2965508C2D88879F0073D3E9 /* View */ = {
			isa = PBXGroup;
			children = (
				29C5303F2D96E6A400159C2D /* Settings.swift */,
			);
			path = View;
			sourceTree = "<group>";
		};
		2965508D2D8887A40073D3E9 /* Model */ = {
			isa = PBXGroup;
			children = (
				294004082DB5302E00C23CA1 /* Location.swift */,
				29AA8C342DC577FD0085B04E /* History.swift */,
				2964DC9F2D8B4E35009C259B /* LocationAggregate.swift */,
				2947E0BA2D88EC0C00746BA4 /* WeatherAPILocation.swift */,
				291C41F22DB285E400D6A2B1 /* AccuWeatherLocation.swift */,
			);
			path = Model;
			sourceTree = "<group>";
		};
		2965508E2D8887A80073D3E9 /* View */ = {
			isa = PBXGroup;
			children = (
				2995AEB42D92C6670010744B /* Search.swift */,
				29C657002DC6A4C8000A89FC /* SwipeToDelete.swift */,
			);
			path = View;
			sourceTree = "<group>";
		};
		297131D22D91785000316379 /* Launch */ = {
			isa = PBXGroup;
			children = (
				290E696C2DD01A3F00D2EA6A /* View */,
				2924E0412E0DFCD000164518 /* Model */,
			);
			path = Launch;
			sourceTree = "<group>";
		};
		29ACB03C2E041B0D00F23044 /* Frameworks */ = {
			isa = PBXGroup;
			children = (
				29ACB03D2E041B0D00F23044 /* WidgetKit.framework */,
				29ACB03F2E041B0D00F23044 /* SwiftUI.framework */,
			);
			name = Frameworks;
			sourceTree = "<group>";
		};
		29ACB0542E041B2000F23044 /* monoTENKIWidget */ = {
			isa = PBXGroup;
			children = (
				29D134072E087160002FBB32 /* Model */,
				29D134062E087147002FBB32 /* Service */,
				29D134052E087109002FBB32 /* Networking */,
				29D134042E0870E0002FBB32 /* Views */,
				29D134032E0870B2002FBB32 /* Widget */,
				29ACB0592E041B4F00F23044 /* Resources */,
			);
			path = monoTENKIWidget;
			sourceTree = "<group>";
		};
		29ACB0592E041B4F00F23044 /* Resources */ = {
			isa = PBXGroup;
			children = (
				29ACB0502E041B2000F23044 /* Assets.xcassets */,
				29ACB0512E041B2000F23044 /* Info.plist */,
			);
			path = Resources;
			sourceTree = "<group>";
		};
		29C5305E2D972EA000159C2D /* Components */ = {
			isa = PBXGroup;
			children = (
				293AC4C12D9C197C007FCC76 /* View */,
				293AC4C22D9C1983007FCC76 /* Model */,
			);
			path = Components;
			sourceTree = "<group>";
		};
		29D134032E0870B2002FBB32 /* Widget */ = {
			isa = PBXGroup;
			children = (
				2913A57A2E05C16400B4E6CE /* WeatherEntry.swift */,
				2913A57C2E05C1BD00B4E6CE /* WeatherTimelineProvider.swift */,
				2913A57E2E05C5B600B4E6CE /* WeatherWidget.swift */,
			);
			path = Widget;
			sourceTree = "<group>";
		};
		29D134042E0870E0002FBB32 /* Views */ = {
			isa = PBXGroup;
			children = (
				2913A5802E05C5E600B4E6CE /* WeatherView.swift */,
			);
			path = Views;
			sourceTree = "<group>";
		};
		29D134052E087109002FBB32 /* Networking */ = {
			isa = PBXGroup;
			children = (
				29ACB0602E0426D200F23044 /* WeatherAPI.swift */,
				29ACB0632E04443000F23044 /* AccuWeather.swift */,
				29ACB0652E0461EB00F23044 /* WeatherProvider.swift */,
			);
			path = Networking;
			sourceTree = "<group>";
		};
		29D134062E087147002FBB32 /* Service */ = {
			isa = PBXGroup;
			children = (
				2913A5762E05C10F00B4E6CE /* LocationManager.swift */,
			);
			path = Service;
			sourceTree = "<group>";
		};
		29D134072E087160002FBB32 /* Model */ = {
			isa = PBXGroup;
			children = (
				29ACB05A2E041CBF00F23044 /* WeatherAPIWeather.swift */,
				29ACB05C2E04234E00F23044 /* AccuWeatherWeather.swift */,
				29ACB05E2E04255C00F23044 /* Weather.swift */,
			);
			path = Model;
			sourceTree = "<group>";
		};
		29FF91522D875E9400B9DAD3 = {
			isa = PBXGroup;
			children = (
				29FF91942D875F6400B9DAD3 /* .gitignore */,
				29FF918D2D875F3100B9DAD3 /* monoTENKI */,
				29ACB0542E041B2000F23044 /* monoTENKIWidget */,
				29ACB03C2E041B0D00F23044 /* Frameworks */,
				29FF915C2D875E9400B9DAD3 /* Products */,
			);
			sourceTree = "<group>";
		};
		29FF915C2D875E9400B9DAD3 /* Products */ = {
			isa = PBXGroup;
			children = (
				29FF915B2D875E9400B9DAD3 /* monoTENKI.app */,
				29ACB03B2E041B0D00F23044 /* monoTENKIWidgetExtension.appex */,
			);
			name = Products;
			sourceTree = "<group>";
		};
		29FF91892D875F3100B9DAD3 /* Preview Content */ = {
			isa = PBXGroup;
			children = (
				29FF91882D875F3100B9DAD3 /* Preview Assets.xcassets */,
			);
			path = "Preview Content";
			sourceTree = "<group>";
		};
		29FF918D2D875F3100B9DAD3 /* monoTENKI */ = {
			isa = PBXGroup;
			children = (
				29FF918C2D875F3100B9DAD3 /* monoTENKIApp.swift */,
				29C5305E2D972EA000159C2D /* Components */,
				297131D22D91785000316379 /* Launch */,
				296550862D8886300073D3E9 /* Weather */,
				296550872D88863C0073D3E9 /* Search */,
				296550882D8886440073D3E9 /* Settings */,
				296094EC2D89AD1F00B326DF /* NetworkLayer */,
				29FF91972D87612D00B9DAD3 /* Resources */,
			);
			path = monoTENKI;
			sourceTree = "<group>";
		};
		29FF91972D87612D00B9DAD3 /* Resources */ = {
			isa = PBXGroup;
			children = (
				29F241E12E0AB53A0031FAB8 /* StorageKeys.swift */,
				29FF918A2D875F3100B9DAD3 /* Assets.xcassets */,
				29CD013E2DB719C50017CCFC /* Config.xcconfig */,
				29FF91892D875F3100B9DAD3 /* Preview Content */,
			);
			path = Resources;
			sourceTree = "<group>";
		};
/* End PBXGroup section */

/* Begin PBXNativeTarget section */
		29ACB03A2E041B0D00F23044 /* monoTENKIWidgetExtension */ = {
			isa = PBXNativeTarget;
			buildConfigurationList = 29ACB04D2E041B0E00F23044 /* Build configuration list for PBXNativeTarget "monoTENKIWidgetExtension" */;
			buildPhases = (
				29ACB0372E041B0D00F23044 /* Sources */,
				29ACB0382E041B0D00F23044 /* Frameworks */,
				29ACB0392E041B0D00F23044 /* Resources */,
			);
			buildRules = (
			);
			dependencies = (
			);
			name = monoTENKIWidgetExtension;
			packageProductDependencies = (
				2913A5782E05C13700B4E6CE /* AsyncAlgorithms */,
			);
			productName = monoTENKIWidgetExtension;
			productReference = 29ACB03B2E041B0D00F23044 /* monoTENKIWidgetExtension.appex */;
			productType = "com.apple.product-type.app-extension";
		};
		29FF915A2D875E9400B9DAD3 /* monoTENKI */ = {
			isa = PBXNativeTarget;
			buildConfigurationList = 29FF917F2D875E9500B9DAD3 /* Build configuration list for PBXNativeTarget "monoTENKI" */;
			buildPhases = (
				29FF91572D875E9400B9DAD3 /* Sources */,
				29FF91582D875E9400B9DAD3 /* Frameworks */,
				29FF91592D875E9400B9DAD3 /* Resources */,
				29D7BE1C2DFDC345003DEBEC /* Embed Foundation Extensions */,
			);
			buildRules = (
			);
			dependencies = (
				29ACB04A2E041B0E00F23044 /* PBXTargetDependency */,
			);
			name = monoTENKI;
			packageProductDependencies = (
				293AC4C42D9C33F0007FCC76 /* AsyncAlgorithms */,
			);
			productName = monoTENKI;
			productReference = 29FF915B2D875E9400B9DAD3 /* monoTENKI.app */;
			productType = "com.apple.product-type.application";
		};
/* End PBXNativeTarget section */

/* Begin PBXProject section */
		29FF91532D875E9400B9DAD3 /* Project object */ = {
			isa = PBXProject;
			attributes = {
				BuildIndependentTargetsInParallel = 1;
				LastSwiftUpdateCheck = 1640;
				LastUpgradeCheck = 1640;
				TargetAttributes = {
					29ACB03A2E041B0D00F23044 = {
						CreatedOnToolsVersion = 16.4;
						LastSwiftMigration = 1640;
					};
					29FF915A2D875E9400B9DAD3 = {
						CreatedOnToolsVersion = 16.2;
					};
				};
			};
			buildConfigurationList = 29FF91562D875E9400B9DAD3 /* Build configuration list for PBXProject "monoTENKI" */;
			developmentRegion = en;
			hasScannedForEncodings = 0;
			knownRegions = (
				en,
				Base,
			);
			mainGroup = 29FF91522D875E9400B9DAD3;
			minimizedProjectReferenceProxies = 1;
			packageReferences = (
				293AC4C32D9C33F0007FCC76 /* XCRemoteSwiftPackageReference "swift-async-algorithms" */,
			);
			preferredProjectObjectVersion = 77;
			productRefGroup = 29FF915C2D875E9400B9DAD3 /* Products */;
			projectDirPath = "";
			projectRoot = "";
			targets = (
				29FF915A2D875E9400B9DAD3 /* monoTENKI */,
				29ACB03A2E041B0D00F23044 /* monoTENKIWidgetExtension */,
			);
		};
/* End PBXProject section */

/* Begin PBXResourcesBuildPhase section */
		29ACB0392E041B0D00F23044 /* Resources */ = {
			isa = PBXResourcesBuildPhase;
			buildActionMask = 2147483647;
			files = (
				29ACB0572E041B2000F23044 /* Assets.xcassets in Resources */,
			);
			runOnlyForDeploymentPostprocessing = 0;
		};
		29FF91592D875E9400B9DAD3 /* Resources */ = {
			isa = PBXResourcesBuildPhase;
			buildActionMask = 2147483647;
			files = (
				29FF918E2D875F3100B9DAD3 /* Preview Assets.xcassets in Resources */,
				29FF91962D875F6400B9DAD3 /* .gitignore in Resources */,
				29FF918F2D875F3100B9DAD3 /* Assets.xcassets in Resources */,
			);
			runOnlyForDeploymentPostprocessing = 0;
		};
/* End PBXResourcesBuildPhase section */

/* Begin PBXSourcesBuildPhase section */
		29ACB0372E041B0D00F23044 /* Sources */ = {
			isa = PBXSourcesBuildPhase;
			buildActionMask = 2147483647;
			files = (
				29ACB0642E04443000F23044 /* AccuWeather.swift in Sources */,
				2913A5822E05C8E500B4E6CE /* WeatherIcon.swift in Sources */,
				29ACB0662E0461EB00F23044 /* WeatherProvider.swift in Sources */,
				2913A57D2E05C1BD00B4E6CE /* WeatherTimelineProvider.swift in Sources */,
				2913A5772E05C10F00B4E6CE /* LocationManager.swift in Sources */,
				29ACB0682E04646900F23044 /* JSONDecoder+Strategies.swift in Sources */,
				2913A5812E05C5E600B4E6CE /* WeatherView.swift in Sources */,
				292DF7602E07567A0065A808 /* CLLocationCoordinate2D+Coordinate.swift in Sources */,
				29ACB0672E04628600F23044 /* HTTPClient.swift in Sources */,
				29ACB05D2E04234E00F23044 /* AccuWeatherWeather.swift in Sources */,
				2913A5832E05C92000B4E6CE /* TemperatureView.swift in Sources */,
				29ACB05B2E041CBF00F23044 /* WeatherAPIWeather.swift in Sources */,
				2913A5842E05C98600B4E6CE /* String+PresentIcon.swift in Sources */,
				2913A5872E05C9CC00B4E6CE /* Double+TemperatureFormatter.swift in Sources */,
				2913A57B2E05C16400B4E6CE /* WeatherEntry.swift in Sources */,
				29ACB0622E04272C00F23044 /* URLProvider.swift in Sources */,
				2913A5862E05C9BC00B4E6CE /* EnvironmentValues+MeasurementSystem.swift in Sources */,
				2913A57F2E05C5B600B4E6CE /* WeatherWidget.swift in Sources */,
				29ACB05F2E04255C00F23044 /* Weather.swift in Sources */,
				2913A5852E05C98F00B4E6CE /* Image+Styled.swift in Sources */,
				29ACB0612E0426D200F23044 /* WeatherAPI.swift in Sources */,
			);
			runOnlyForDeploymentPostprocessing = 0;
		};
		29FF91572D875E9400B9DAD3 /* Sources */ = {
			isa = PBXSourcesBuildPhase;
			buildActionMask = 2147483647;
			files = (
				29326AA92DC2552F00D054DE /* WeatherAPIWeather+Decoded.swift in Sources */,
				292FF79E2DECE5D300952D89 /* String+WindDirection.swift in Sources */,
				29674FE72DA08692004B94EE /* Double+PrecipitationFormatter.swift in Sources */,
				29336FD32D9D82390074DEDF /* HourForecast.swift in Sources */,
				296E538C2DA7EEAE0062B3EA /* Weather.swift in Sources */,
				29C656FF2DC68063000A89FC /* Enabled.swift in Sources */,
				2934E3E02D9AF8C000A229F4 /* ColorScheme+MainColors.swift in Sources */,
				292C48E72D9F595C00A0909E /* FormatStyle+timeZoneNeutral.swift in Sources */,
				29C10C9E2DCD21D000BCCF27 /* Aggregate.swift in Sources */,
				29ECB3B62D8A417F001922EA /* URLProvider.swift in Sources */,
				296094EE2D89ADD800B326DF /* HTTPClient.swift in Sources */,
				292EDE4C2DC13CD200C8EC52 /* AccuWeatherWeather.swift in Sources */,
				2970EF532D8B08B700068106 /* WeatherAggregate.swift in Sources */,
				296094F32D89DA7400B326DF /* WeatherAPI.swift in Sources */,
				29804ACD2DA67EBE008404A7 /* Image+Styled.swift in Sources */,
				291C41F32DB285F100D6A2B1 /* AccuWeatherLocation.swift in Sources */,
				2995AEB52D92C66D0010744B /* Search.swift in Sources */,
				2934E3DC2D9ABAF300A229F4 /* Today.swift in Sources */,
				293AC4C02D9C180F007FCC76 /* CLServiceSession+GetAuthorization.swift in Sources */,
				2934E3DE2D9AD7CB00A229F4 /* String+PresentIcon.swift in Sources */,
				2947E0BB2D88EC1000746BA4 /* WeatherAPILocation.swift in Sources */,
				292FF79C2DECE05300952D89 /* SpeedView.swift in Sources */,
				29426D272DC923BE0071D997 /* APISource.swift in Sources */,
				291B5D292DAE6E770049589E /* DetailPageCurrent.swift in Sources */,
				29C5304A2D9713E100159C2D /* SelectedStyle.swift in Sources */,
				29C657012DC6A4D1000A89FC /* SwipeToDelete.swift in Sources */,
				29D151722D90730100A851E9 /* EnvironmentValues+MeasurementSystem.swift in Sources */,
				29AA8C352DC578090085B04E /* History.swift in Sources */,
				29C530622D972EA000159C2D /* AlignedHStack.swift in Sources */,
				29947D4E2D99CFD7000E3CB5 /* WeatherComposer.swift in Sources */,
				294004072DB5209E00C23CA1 /* WeatherAPI+URLProvider.swift in Sources */,
				29595EE32DAB133D0069257F /* DetailSection.swift in Sources */,
				29D134022E086600002FBB32 /* UserDefault.swift in Sources */,
				291B5D2B2DAE6E9B0049589E /* DetailPageDay.swift in Sources */,
				29C530632D972EA000159C2D /* XIcon.swift in Sources */,
				2974E9952DABF84600663B36 /* CLLocationCoordinate2D+Coordinate.swift in Sources */,
				29FC15E12DEC674300F5DEA9 /* TemperatureView.swift in Sources */,
				29C530642D972EA000159C2D /* Double+TemperatureFormatter.swift in Sources */,
				29FB94A92DC0022400ED5DB3 /* DetailPageHour.swift in Sources */,
				29A05F0C2DEB5005004F1778 /* ConfigureFont.swift in Sources */,
				29F241E22E0AB5500031FAB8 /* StorageKeys.swift in Sources */,
				2924E0432E0DFCE800164518 /* Date+RefreshPolicy.swift in Sources */,
				29326AAD2DC2C58B00D054DE /* JSONDecoder+Strategies.swift in Sources */,
				2917DC202DAD15DA006AEED9 /* AccuWeather.swift in Sources */,
				2974E9932DABF78B00663B36 /* CLLocation+FailableInitializer.swift in Sources */,
				292EDE4E2DC146AC00C8EC52 /* AccuWeatherWeather+Decoded.swift in Sources */,
				297EF7A12E0EBA9F008A28B4 /* Loading.swift in Sources */,
				297EF7A32E0EC8D9008A28B4 /* AsyncOnChange.swift in Sources */,
				294004052DB51F4200C23CA1 /* AccuWeather+URLProvider.swift in Sources */,
				2964DCA02D8B4E53009C259B /* LocationAggregate.swift in Sources */,
				29C530402D96E6B700159C2D /* Settings.swift in Sources */,
				29326AA72DC24D7200D054DE /* WeatherAPIWeather.swift in Sources */,
				299A55DB2D945E550089C312 /* PermissionButtonStyle.swift in Sources */,
				29FF91912D875F3100B9DAD3 /* monoTENKIApp.swift in Sources */,
				29C10CA02DCD443C00BCCF27 /* RecoveryState.swift in Sources */,
				29B0B8742DB7D66F00F93E1B /* Debounce.swift in Sources */,
				29FC15E32DEC7EC000F5DEA9 /* PrecipitationView.swift in Sources */,
				297131D42D91788100316379 /* Setup.swift in Sources */,
				296D57482DB960F60000C36A /* XIconStyle.swift in Sources */,
				29D1C0682DA1DF4100F27F77 /* Double+SpeedFormatter.swift in Sources */,
				29FC15DF2DEC652F00F5DEA9 /* WeatherIcon.swift in Sources */,
				29E4DB572DBAA8940018D2C3 /* Row.swift in Sources */,
				297AF2EB2DBBFB4F00676A98 /* DayForecast.swift in Sources */,
				294004092DB5303400C23CA1 /* Location.swift in Sources */,
			);
			runOnlyForDeploymentPostprocessing = 0;
		};
/* End PBXSourcesBuildPhase section */

/* Begin PBXTargetDependency section */
		29ACB04A2E041B0E00F23044 /* PBXTargetDependency */ = {
			isa = PBXTargetDependency;
			target = 29ACB03A2E041B0D00F23044 /* monoTENKIWidgetExtension */;
			targetProxy = 29ACB0492E041B0E00F23044 /* PBXContainerItemProxy */;
		};
/* End PBXTargetDependency section */

/* Begin XCBuildConfiguration section */
		29ACB04E2E041B0E00F23044 /* Debug */ = {
			isa = XCBuildConfiguration;
			buildSettings = {
				ASSETCATALOG_COMPILER_GLOBAL_ACCENT_COLOR_NAME = AccentColor;
				ASSETCATALOG_COMPILER_WIDGET_BACKGROUND_COLOR_NAME = WidgetBackground;
				CLANG_ENABLE_MODULES = YES;
				CODE_SIGN_STYLE = Automatic;
				CURRENT_PROJECT_VERSION = 1;
				DEVELOPMENT_TEAM = H9V2P5AGD3;
				GENERATE_INFOPLIST_FILE = YES;
				INFOPLIST_FILE = monoTENKIWidget/Resources/Info.plist;
				INFOPLIST_KEY_CFBundleDisplayName = monoTENKIWidget;
				INFOPLIST_KEY_NSHumanReadableCopyright = "";
				IPHONEOS_DEPLOYMENT_TARGET = 18.0;
				LD_RUNPATH_SEARCH_PATHS = (
					"$(inherited)",
					"@executable_path/Frameworks",
					"@executable_path/../../Frameworks",
				);
				MARKETING_VERSION = 1.0;
				PRODUCT_BUNDLE_IDENTIFIER = com.Barreloofy.monoTENKI.monoTENKIWidget;
				PRODUCT_NAME = "$(TARGET_NAME)";
				SKIP_INSTALL = YES;
				SWIFT_EMIT_LOC_STRINGS = YES;
				SWIFT_OPTIMIZATION_LEVEL = "-Onone";
				SWIFT_VERSION = 6.0;
				TARGETED_DEVICE_FAMILY = "1,2";
			};
			name = Debug;
		};
		29ACB04F2E041B0E00F23044 /* Release */ = {
			isa = XCBuildConfiguration;
			buildSettings = {
				ASSETCATALOG_COMPILER_GLOBAL_ACCENT_COLOR_NAME = AccentColor;
				ASSETCATALOG_COMPILER_WIDGET_BACKGROUND_COLOR_NAME = WidgetBackground;
				CLANG_ENABLE_MODULES = YES;
				CODE_SIGN_STYLE = Automatic;
				CURRENT_PROJECT_VERSION = 1;
				DEVELOPMENT_TEAM = H9V2P5AGD3;
				GENERATE_INFOPLIST_FILE = YES;
				INFOPLIST_FILE = monoTENKIWidget/Resources/Info.plist;
				INFOPLIST_KEY_CFBundleDisplayName = monoTENKIWidget;
				INFOPLIST_KEY_NSHumanReadableCopyright = "";
				IPHONEOS_DEPLOYMENT_TARGET = 18.0;
				LD_RUNPATH_SEARCH_PATHS = (
					"$(inherited)",
					"@executable_path/Frameworks",
					"@executable_path/../../Frameworks",
				);
				MARKETING_VERSION = 1.0;
				PRODUCT_BUNDLE_IDENTIFIER = com.Barreloofy.monoTENKI.monoTENKIWidget;
				PRODUCT_NAME = "$(TARGET_NAME)";
				SKIP_INSTALL = YES;
				SWIFT_EMIT_LOC_STRINGS = YES;
				SWIFT_VERSION = 6.0;
				TARGETED_DEVICE_FAMILY = "1,2";
			};
			name = Release;
		};
		29FF917D2D875E9500B9DAD3 /* Debug */ = {
			isa = XCBuildConfiguration;
			baseConfigurationReference = 29CD013E2DB719C50017CCFC /* Config.xcconfig */;
			buildSettings = {
				ALWAYS_SEARCH_USER_PATHS = NO;
				ASSETCATALOG_COMPILER_GENERATE_SWIFT_ASSET_SYMBOL_EXTENSIONS = YES;
				CLANG_ANALYZER_NONNULL = YES;
				CLANG_ANALYZER_NUMBER_OBJECT_CONVERSION = YES_AGGRESSIVE;
				CLANG_CXX_LANGUAGE_STANDARD = "gnu++20";
				CLANG_ENABLE_MODULES = YES;
				CLANG_ENABLE_OBJC_ARC = YES;
				CLANG_ENABLE_OBJC_WEAK = YES;
				CLANG_WARN_BLOCK_CAPTURE_AUTORELEASING = YES;
				CLANG_WARN_BOOL_CONVERSION = YES;
				CLANG_WARN_COMMA = YES;
				CLANG_WARN_CONSTANT_CONVERSION = YES;
				CLANG_WARN_DEPRECATED_OBJC_IMPLEMENTATIONS = YES;
				CLANG_WARN_DIRECT_OBJC_ISA_USAGE = YES_ERROR;
				CLANG_WARN_DOCUMENTATION_COMMENTS = YES;
				CLANG_WARN_EMPTY_BODY = YES;
				CLANG_WARN_ENUM_CONVERSION = YES;
				CLANG_WARN_INFINITE_RECURSION = YES;
				CLANG_WARN_INT_CONVERSION = YES;
				CLANG_WARN_NON_LITERAL_NULL_CONVERSION = YES;
				CLANG_WARN_OBJC_IMPLICIT_RETAIN_SELF = YES;
				CLANG_WARN_OBJC_LITERAL_CONVERSION = YES;
				CLANG_WARN_OBJC_ROOT_CLASS = YES_ERROR;
				CLANG_WARN_QUOTED_INCLUDE_IN_FRAMEWORK_HEADER = YES;
				CLANG_WARN_RANGE_LOOP_ANALYSIS = YES;
				CLANG_WARN_STRICT_PROTOTYPES = YES;
				CLANG_WARN_SUSPICIOUS_MOVE = YES;
				CLANG_WARN_UNGUARDED_AVAILABILITY = YES_AGGRESSIVE;
				CLANG_WARN_UNREACHABLE_CODE = YES;
				CLANG_WARN__DUPLICATE_METHOD_MATCH = YES;
				COPY_PHASE_STRIP = NO;
				DEBUG_INFORMATION_FORMAT = dwarf;
				DEVELOPMENT_TEAM = H9V2P5AGD3;
				ENABLE_STRICT_OBJC_MSGSEND = YES;
				ENABLE_TESTABILITY = YES;
				ENABLE_USER_SCRIPT_SANDBOXING = YES;
				GCC_C_LANGUAGE_STANDARD = gnu17;
				GCC_DYNAMIC_NO_PIC = NO;
				GCC_NO_COMMON_BLOCKS = YES;
				GCC_OPTIMIZATION_LEVEL = 0;
				GCC_PREPROCESSOR_DEFINITIONS = (
					"DEBUG=1",
					"$(inherited)",
				);
				GCC_WARN_64_TO_32_BIT_CONVERSION = YES;
				GCC_WARN_ABOUT_RETURN_TYPE = YES_ERROR;
				GCC_WARN_UNDECLARED_SELECTOR = YES;
				GCC_WARN_UNINITIALIZED_AUTOS = YES_AGGRESSIVE;
				GCC_WARN_UNUSED_FUNCTION = YES;
				GCC_WARN_UNUSED_VARIABLE = YES;
				IPHONEOS_DEPLOYMENT_TARGET = 18.2;
				LOCALIZATION_PREFERS_STRING_CATALOGS = YES;
				MTL_ENABLE_DEBUG_INFO = INCLUDE_SOURCE;
				MTL_FAST_MATH = YES;
				ONLY_ACTIVE_ARCH = YES;
				SDKROOT = iphoneos;
				SWIFT_ACTIVE_COMPILATION_CONDITIONS = "DEBUG $(inherited)";
				SWIFT_OPTIMIZATION_LEVEL = "-Onone";
				SWIFT_VERSION = 6.0;
			};
			name = Debug;
		};
		29FF917E2D875E9500B9DAD3 /* Release */ = {
			isa = XCBuildConfiguration;
			baseConfigurationReference = 29CD013E2DB719C50017CCFC /* Config.xcconfig */;
			buildSettings = {
				ALWAYS_SEARCH_USER_PATHS = NO;
				ASSETCATALOG_COMPILER_GENERATE_SWIFT_ASSET_SYMBOL_EXTENSIONS = YES;
				CLANG_ANALYZER_NONNULL = YES;
				CLANG_ANALYZER_NUMBER_OBJECT_CONVERSION = YES_AGGRESSIVE;
				CLANG_CXX_LANGUAGE_STANDARD = "gnu++20";
				CLANG_ENABLE_MODULES = YES;
				CLANG_ENABLE_OBJC_ARC = YES;
				CLANG_ENABLE_OBJC_WEAK = YES;
				CLANG_WARN_BLOCK_CAPTURE_AUTORELEASING = YES;
				CLANG_WARN_BOOL_CONVERSION = YES;
				CLANG_WARN_COMMA = YES;
				CLANG_WARN_CONSTANT_CONVERSION = YES;
				CLANG_WARN_DEPRECATED_OBJC_IMPLEMENTATIONS = YES;
				CLANG_WARN_DIRECT_OBJC_ISA_USAGE = YES_ERROR;
				CLANG_WARN_DOCUMENTATION_COMMENTS = YES;
				CLANG_WARN_EMPTY_BODY = YES;
				CLANG_WARN_ENUM_CONVERSION = YES;
				CLANG_WARN_INFINITE_RECURSION = YES;
				CLANG_WARN_INT_CONVERSION = YES;
				CLANG_WARN_NON_LITERAL_NULL_CONVERSION = YES;
				CLANG_WARN_OBJC_IMPLICIT_RETAIN_SELF = YES;
				CLANG_WARN_OBJC_LITERAL_CONVERSION = YES;
				CLANG_WARN_OBJC_ROOT_CLASS = YES_ERROR;
				CLANG_WARN_QUOTED_INCLUDE_IN_FRAMEWORK_HEADER = YES;
				CLANG_WARN_RANGE_LOOP_ANALYSIS = YES;
				CLANG_WARN_STRICT_PROTOTYPES = YES;
				CLANG_WARN_SUSPICIOUS_MOVE = YES;
				CLANG_WARN_UNGUARDED_AVAILABILITY = YES_AGGRESSIVE;
				CLANG_WARN_UNREACHABLE_CODE = YES;
				CLANG_WARN__DUPLICATE_METHOD_MATCH = YES;
				COPY_PHASE_STRIP = NO;
				DEBUG_INFORMATION_FORMAT = "dwarf-with-dsym";
				DEVELOPMENT_TEAM = H9V2P5AGD3;
				ENABLE_NS_ASSERTIONS = NO;
				ENABLE_STRICT_OBJC_MSGSEND = YES;
				ENABLE_USER_SCRIPT_SANDBOXING = YES;
				GCC_C_LANGUAGE_STANDARD = gnu17;
				GCC_NO_COMMON_BLOCKS = YES;
				GCC_WARN_64_TO_32_BIT_CONVERSION = YES;
				GCC_WARN_ABOUT_RETURN_TYPE = YES_ERROR;
				GCC_WARN_UNDECLARED_SELECTOR = YES;
				GCC_WARN_UNINITIALIZED_AUTOS = YES_AGGRESSIVE;
				GCC_WARN_UNUSED_FUNCTION = YES;
				GCC_WARN_UNUSED_VARIABLE = YES;
				IPHONEOS_DEPLOYMENT_TARGET = 18.2;
				LOCALIZATION_PREFERS_STRING_CATALOGS = YES;
				MTL_ENABLE_DEBUG_INFO = NO;
				MTL_FAST_MATH = YES;
				SDKROOT = iphoneos;
				SWIFT_COMPILATION_MODE = wholemodule;
				SWIFT_VERSION = 6.0;
				VALIDATE_PRODUCT = YES;
			};
			name = Release;
		};
		29FF91802D875E9500B9DAD3 /* Debug */ = {
			isa = XCBuildConfiguration;
			buildSettings = {
				ASSETCATALOG_COMPILER_APPICON_NAME = AppIcon;
				ASSETCATALOG_COMPILER_GLOBAL_ACCENT_COLOR_NAME = AccentColor;
				CODE_SIGN_ENTITLEMENTS = "";
				CODE_SIGN_STYLE = Automatic;
				CURRENT_PROJECT_VERSION = 1;
				DEVELOPMENT_ASSET_PATHS = "\"monoTENKI/Resources/Preview Content\"";
				DEVELOPMENT_TEAM = H9V2P5AGD3;
				ENABLE_PREVIEWS = YES;
				GENERATE_INFOPLIST_FILE = YES;
				INFOPLIST_FILE = monoTENKI/Resources/Info.plist;
				INFOPLIST_KEY_LSApplicationCategoryType = "public.app-category.weather";
				INFOPLIST_KEY_NSLocationWhenInUseUsageDescription = "monoTENKI uses location to provide accurate weather information.";
				INFOPLIST_KEY_UIApplicationSceneManifest_Generation = YES;
				INFOPLIST_KEY_UIApplicationSupportsIndirectInputEvents = YES;
				INFOPLIST_KEY_UILaunchScreen_Generation = YES;
				INFOPLIST_KEY_UISupportedInterfaceOrientations = UIInterfaceOrientationPortrait;
				INFOPLIST_KEY_UISupportedInterfaceOrientations_iPad = "UIInterfaceOrientationLandscapeLeft UIInterfaceOrientationLandscapeRight UIInterfaceOrientationPortrait UIInterfaceOrientationPortraitUpsideDown";
				IPHONEOS_DEPLOYMENT_TARGET = 18.0;
				LD_RUNPATH_SEARCH_PATHS = (
					"$(inherited)",
					"@executable_path/Frameworks",
				);
				MARKETING_VERSION = 2.0;
				PRODUCT_BUNDLE_IDENTIFIER = com.Barreloofy.monoTENKI;
				PRODUCT_NAME = "$(TARGET_NAME)";
				SWIFT_EMIT_LOC_STRINGS = YES;
				SWIFT_VERSION = 6.0;
				TARGETED_DEVICE_FAMILY = "1,2";
			};
			name = Debug;
		};
		29FF91812D875E9500B9DAD3 /* Release */ = {
			isa = XCBuildConfiguration;
			buildSettings = {
				ASSETCATALOG_COMPILER_APPICON_NAME = AppIcon;
				ASSETCATALOG_COMPILER_GLOBAL_ACCENT_COLOR_NAME = AccentColor;
				CODE_SIGN_ENTITLEMENTS = "";
				CODE_SIGN_STYLE = Automatic;
				CURRENT_PROJECT_VERSION = 1;
				DEVELOPMENT_ASSET_PATHS = "\"monoTENKI/Resources/Preview Content\"";
				DEVELOPMENT_TEAM = H9V2P5AGD3;
				ENABLE_PREVIEWS = YES;
				GENERATE_INFOPLIST_FILE = YES;
				INFOPLIST_FILE = monoTENKI/Resources/Info.plist;
				INFOPLIST_KEY_LSApplicationCategoryType = "public.app-category.weather";
				INFOPLIST_KEY_NSLocationWhenInUseUsageDescription = "monoTENKI uses location to provide accurate weather information.";
				INFOPLIST_KEY_UIApplicationSceneManifest_Generation = YES;
				INFOPLIST_KEY_UIApplicationSupportsIndirectInputEvents = YES;
				INFOPLIST_KEY_UILaunchScreen_Generation = YES;
				INFOPLIST_KEY_UISupportedInterfaceOrientations = UIInterfaceOrientationPortrait;
				INFOPLIST_KEY_UISupportedInterfaceOrientations_iPad = "UIInterfaceOrientationLandscapeLeft UIInterfaceOrientationLandscapeRight UIInterfaceOrientationPortrait UIInterfaceOrientationPortraitUpsideDown";
				IPHONEOS_DEPLOYMENT_TARGET = 18.0;
				LD_RUNPATH_SEARCH_PATHS = (
					"$(inherited)",
					"@executable_path/Frameworks",
				);
				MARKETING_VERSION = 2.0;
				PRODUCT_BUNDLE_IDENTIFIER = com.Barreloofy.monoTENKI;
				PRODUCT_NAME = "$(TARGET_NAME)";
				SWIFT_EMIT_LOC_STRINGS = YES;
				SWIFT_VERSION = 6.0;
				TARGETED_DEVICE_FAMILY = "1,2";
			};
			name = Release;
		};
/* End XCBuildConfiguration section */

/* Begin XCConfigurationList section */
		29ACB04D2E041B0E00F23044 /* Build configuration list for PBXNativeTarget "monoTENKIWidgetExtension" */ = {
			isa = XCConfigurationList;
			buildConfigurations = (
				29ACB04E2E041B0E00F23044 /* Debug */,
				29ACB04F2E041B0E00F23044 /* Release */,
			);
			defaultConfigurationIsVisible = 0;
			defaultConfigurationName = Release;
		};
		29FF91562D875E9400B9DAD3 /* Build configuration list for PBXProject "monoTENKI" */ = {
			isa = XCConfigurationList;
			buildConfigurations = (
				29FF917D2D875E9500B9DAD3 /* Debug */,
				29FF917E2D875E9500B9DAD3 /* Release */,
			);
			defaultConfigurationIsVisible = 0;
			defaultConfigurationName = Release;
		};
		29FF917F2D875E9500B9DAD3 /* Build configuration list for PBXNativeTarget "monoTENKI" */ = {
			isa = XCConfigurationList;
			buildConfigurations = (
				29FF91802D875E9500B9DAD3 /* Debug */,
				29FF91812D875E9500B9DAD3 /* Release */,
			);
			defaultConfigurationIsVisible = 0;
			defaultConfigurationName = Release;
		};
/* End XCConfigurationList section */

/* Begin XCRemoteSwiftPackageReference section */
		293AC4C32D9C33F0007FCC76 /* XCRemoteSwiftPackageReference "swift-async-algorithms" */ = {
			isa = XCRemoteSwiftPackageReference;
			repositoryURL = "https://github.com/apple/swift-async-algorithms";
			requirement = {
				kind = upToNextMajorVersion;
				minimumVersion = 1.0.3;
			};
		};
/* End XCRemoteSwiftPackageReference section */

/* Begin XCSwiftPackageProductDependency section */
		2913A5782E05C13700B4E6CE /* AsyncAlgorithms */ = {
			isa = XCSwiftPackageProductDependency;
			package = 293AC4C32D9C33F0007FCC76 /* XCRemoteSwiftPackageReference "swift-async-algorithms" */;
			productName = AsyncAlgorithms;
		};
		293AC4C42D9C33F0007FCC76 /* AsyncAlgorithms */ = {
			isa = XCSwiftPackageProductDependency;
			package = 293AC4C32D9C33F0007FCC76 /* XCRemoteSwiftPackageReference "swift-async-algorithms" */;
			productName = AsyncAlgorithms;
		};
/* End XCSwiftPackageProductDependency section */
	};
	rootObject = 29FF91532D875E9400B9DAD3 /* Project object */;
}
